
Microsoft Visual Studio Solution File, Format Version 12.00
# Visual Studio Version 17
VisualStudioVersion = 17.0.31912.275
MinimumVisualStudioVersion = 10.0.40219.1
Project("{FAE04EC0-301F-11D3-BF4B-00C04F79EFBC}") = "Unic.Bob.Scrambler.Website", "src\Unic.Bob.Scrambler.Website\Unic.Bob.Scrambler.Website.csproj", "{54C45FF7-EABB-4AC0-A6D4-1A1D741F6D4F}"
EndProject
Project("{FAE04EC0-301F-11D3-BF4B-00C04F79EFBC}") = "Unic.Bob.Scrambler.Core", "src\Unic.Bob.Scrambler.Core\Unic.Bob.Scrambler.Core.csproj", "{080F3435-E835-4CBC-9787-D5D42C3A11BD}"
EndProject
Project("{2150E333-8FDC-42A3-9474-1A3956D46DE8}") = ".nuget", ".nuget", "{BF7785F1-B33C-4C86-8C79-FEB6FB78380F}"
	ProjectSection(SolutionItems) = preProject
		.nuget\packages.config = .nuget\packages.config
	EndProjectSection
EndProject
Project("{FAE04EC0-301F-11D3-BF4B-00C04F79EFBC}") = "Unic.Bob.Scrambler.ContentSearch", "src\Unic.Bob.Scrambler.ContentSearch\Unic.Bob.Scrambler.ContentSearch.csproj", "{8CDEBF23-F1E0-4F76-9EE6-0555E242288D}"
EndProject
Global
	GlobalSection(SolutionConfigurationPlatforms) = preSolution
		Debug|Any CPU = Debug|Any CPU
		Release|Any CPU = Release|Any CPU
	EndGlobalSection
	GlobalSection(ProjectConfigurationPlatforms) = postSolution
		{54C45FF7-EABB-4AC0-A6D4-1A1D741F6D4F}.Debug|Any CPU.ActiveCfg = Debug|Any CPU
		{54C45FF7-EABB-4AC0-A6D4-1A1D741F6D4F}.Debug|Any CPU.Build.0 = Debug|Any CPU
		{54C45FF7-EABB-4AC0-A6D4-1A1D741F6D4F}.Release|Any CPU.ActiveCfg = Release|Any CPU
		{54C45FF7-EABB-4AC0-A6D4-1A1D741F6D4F}.Release|Any CPU.Build.0 = Release|Any CPU
		{080F3435-E835-4CBC-9787-D5D42C3A11BD}.Debug|Any CPU.ActiveCfg = Debug|Any CPU
		{080F3435-E835-4CBC-9787-D5D42C3A11BD}.Debug|Any CPU.Build.0 = Debug|Any CPU
		{080F3435-E835-4CBC-9787-D5D42C3A11BD}.Release|Any CPU.ActiveCfg = Release|Any CPU
		{080F3435-E835-4CBC-9787-D5D42C3A11BD}.Release|Any CPU.Build.0 = Release|Any CPU
		{8CDEBF23-F1E0-4F76-9EE6-0555E242288D}.Debug|Any CPU.ActiveCfg = Debug|Any CPU
		{8CDEBF23-F1E0-4F76-9EE6-0555E242288D}.Debug|Any CPU.Build.0 = Debug|Any CPU
		{8CDEBF23-F1E0-4F76-9EE6-0555E242288D}.Release|Any CPU.ActiveCfg = Release|Any CPU
		{8CDEBF23-F1E0-4F76-9EE6-0555E242288D}.Release|Any CPU.Build.0 = Release|Any CPU
	EndGlobalSection
	GlobalSection(SolutionProperties) = preSolution
		HideSolutionNode = FALSE
	EndGlobalSection
EndGlobal
